
Microsoft Visual Studio Solution File, Format Version 12.00
# Visual Studio Version 17
VisualStudioVersion = 17.4.33205.214
MinimumVisualStudioVersion = 10.0.40219.1
Project("{FAE04EC0-301F-11D3-BF4B-00C04F79EFBC}") = "WorkWithCalculator.Task1", "WorkWithCalculator.Task1\WorkWithCalculator.Task1.csproj", "{3E5E9B70-8B11-44DB-B9C8-7AF38C57D9ED}"
EndProject
Global
	GlobalSection(SolutionConfigurationPlatforms) = preSolution
		Debug|Any CPU = Debug|Any CPU
		Release|Any CPU = Release|Any CPU
	EndGlobalSection
	GlobalSection(ProjectConfigurationPlatforms) = postSolution
		{3E5E9B70-8B11-44DB-B9C8-7AF38C57D9ED}.Debug|Any CPU.ActiveCfg = Debug|Any CPU
		{3E5E9B70-8B11-44DB-B9C8-7AF38C57D9ED}.Debug|Any CPU.Build.0 = Debug|Any CPU
		{3E5E9B70-8B11-44DB-B9C8-7AF38C57D9ED}.Release|Any CPU.ActiveCfg = Release|Any CPU
		{3E5E9B70-8B11-44DB-B9C8-7AF38C57D9ED}.Release|Any CPU.Build.0 = Release|Any CPU
	EndGlobalSection
	GlobalSection(SolutionProperties) = preSolution
		HideSolutionNode = FALSE
	EndGlobalSection
	GlobalSection(ExtensibilityGlobals) = postSolution
		SolutionGuid = {7306ABB0-C36B-4607-9D17-42DED0D94CFC}
	EndGlobalSection
EndGlobal
